
Microsoft Visual Studio Solution File, Format Version 12.00
# Visual Studio 15
Project("{FAE04EC0-301F-11D3-BF4B-00C04F79EFBC}") = "Assembly-CSharp", "Assembly-CSharp.csproj", "{77A3F8E8-46A1-D3DA-AE5F-CF97BF119CFF}"
EndProject
Project("{FAE04EC0-301F-11D3-BF4B-00C04F79EFBC}") = "Assembly-CSharp-Editor", "Assembly-CSharp-Editor.csproj", "{ADCAB783-0E38-4142-E191-50FCBDCC68CF}"
EndProject
Global
	GlobalSection(SolutionConfigurationPlatforms) = preSolution
		Debug|Any CPU = Debug|Any CPU
		Release|Any CPU = Release|Any CPU
	EndGlobalSection
	GlobalSection(ProjectConfigurationPlatforms) = postSolution
		{77A3F8E8-46A1-D3DA-AE5F-CF97BF119CFF}.Debug|Any CPU.ActiveCfg = Debug|Any CPU
		{77A3F8E8-46A1-D3DA-AE5F-CF97BF119CFF}.Debug|Any CPU.Build.0 = Debug|Any CPU
		{77A3F8E8-46A1-D3DA-AE5F-CF97BF119CFF}.Release|Any CPU.ActiveCfg = Release|Any CPU
		{77A3F8E8-46A1-D3DA-AE5F-CF97BF119CFF}.Release|Any CPU.Build.0 = Release|Any CPU
		{ADCAB783-0E38-4142-E191-50FCBDCC68CF}.Debug|Any CPU.ActiveCfg = Debug|Any CPU
		{ADCAB783-0E38-4142-E191-50FCBDCC68CF}.Debug|Any CPU.Build.0 = Debug|Any CPU
		{ADCAB783-0E38-4142-E191-50FCBDCC68CF}.Release|Any CPU.ActiveCfg = Release|Any CPU
		{ADCAB783-0E38-4142-E191-50FCBDCC68CF}.Release|Any CPU.Build.0 = Release|Any CPU
	EndGlobalSection
	GlobalSection(SolutionProperties) = preSolution
		HideSolutionNode = FALSE
	EndGlobalSection
EndGlobal
